{
  "version": 2,
  "dependencies": {
    "net9.0": {
      "Microsoft.Extensions.DependencyInjection.Abstractions": {
        "type": "Direct",
        "requested": "[9.0.19, )",
        "resolved": "9.0.19",
        "contentHash": "XgQ0aVWClYjYSBqbYrKC/xyZ1KHf+VVwNF3+d54jcaqnst30Q//ugs/FJwUztLZiph0gp85g7i/eB0556twO0Q=="
      },
      "Microsoft.Extensions.Http": {
        "type": "Direct",
        "requested": "[9.0.0, )",
        "resolved": "9.0.0",
        "contentHash": "DqI4q54U4hH7bIAq9M5a/hl5Odr/KBAoaZ0dcT4OgutD8dook34CbkvAfAIzkMVjYXiL+E5ul9etwwqiX4PHGw==",
        "dependencies": {
          "Microsoft.Extensions.Configuration.Abstractions": "9.0.0",
          "Microsoft.Extensions.DependencyInjection.Abstractions": "9.0.0",
          "Microsoft.Extensions.Diagnostics": "9.0.0",
          "Microsoft.Extensions.Logging": "9.0.0",
          "Microsoft.Extensions.Logging.Abstractions": "9.0.0",
          "Microsoft.Extensions.Options": "9.0.0"
        }
      },
      "Microsoft.Extensions.Http.Resilience": {
        "type": "Direct",
        "requested": "[9.0.0, )",
        "resolved": "9.0.0",
        "contentHash": "XkzXX1r+J6wxzR9jLZtJhW+h2x3Ff/hgwVBS9hrzAS7CUFaQgL+oYTAFiP6fyp93ruDxx0rDi/kGzy3KWUDCiQ==",
        "dependencies": {
          "Microsoft.Extensions.Configuration.Binder": "9.0.0",
          "Microsoft.Extensions.Http.Diagnostics": "9.0.0",
          "Microsoft.Extensions.ObjectPool": "9.0.0",
          "Microsoft.Extensions.Resilience": "9.0.0"
        }
      },
      "Microsoft.Extensions.Options": {
        "type": "Direct",
        "requested": "[9.0.19, )",
        "resolved": "9.0.19",
        "contentHash": "FdPZy4kUSwFlIVZ3EkK9fdHw2RfblUwzflSb4kjVeGf9v2lX9IH+q2RGUovYMR7CVfKMc2y2Db/bZ2b4yiMfOg==",
        "dependencies": {
          "Microsoft.Extensions.DependencyInjection.Abstractions": "9.0.19",
          "Microsoft.Extensions.Primitives": "9.0.19"
        }
      },
      "System.Text.Json": {
        "type": "Direct",
        "requested": "[9.0.0, )",
        "resolved": "9.0.0",
        "contentHash": "js7+qAu/9mQvnhA4EfGMZNEzXtJCDxgkgj8ohuxq/Qxv+R56G+ljefhiJHOxTNiw54q8vmABCWUwkMulNdlZ4A=="
      },
      "Compendium.Core": {
        "type": "Transitive",
        "resolved": "1.0.5-preview.5",
        "contentHash": "RhQN+chmL9MRECts5QTXgxR5roIaby7jA3Q949E0CrUErbeeqniJVW/oVTgxa+AQyxRoV83GK9/CmE6yc/GQtQ=="
      },
      "Microsoft.Extensions.AmbientMetadata.Application": {
        "type": "Transitive",
        "resolved": "9.0.0",
        "contentHash": "F/pe4t8UXc65l0KFLoUDtYttoLI0qtXiWQ4HStw3Cq2ExaNARxS4isAvA6w0PNCyIs8dLxkaruJHeyKN8mK1lA==",
        "dependencies": {
          "Microsoft.Extensions.Configuration": "9.0.0",
          "Microsoft.Extensions.Hosting.Abstractions": "9.0.0",
          "Microsoft.Extensions.Options.ConfigurationExtensions": "9.0.0"
        }
      },
      "Microsoft.Extensions.Caching.Abstractions": {
        "type": "Transitive",
        "resolved": "9.0.19",
        "contentHash": "qe/6m6wxRG+N5xTf4Z3lDBAiVu6oBCUyADJ5OzlFgukD9Vg/6zB3MNnNEFA7amZg8hjcS6F4OZBRmB07A+gmHQ==",
        "dependencies": {
          "Microsoft.Extensions.Primitives": "9.0.19"
        }
      },
      "Microsoft.Extensions.Compliance.Abstractions": {
        "type": "Transitive",
        "resolved": "9.0.0",
        "contentHash": "Y85iXLdg55OYwJR23KvCYAPDaIa+723vus9WzLROVWMy0sblHlxVtPR01QR+mwVFbYiljqa9NknmELVitzxbXw==",
        "dependencies": {
          "Microsoft.Extensions.DependencyInjection.Abstractions": "9.0.0",
          "Microsoft.Extensions.ObjectPool": "9.0.0"
        }
      },
      "Microsoft.Extensions.Configuration": {
        "type": "Transitive",
        "resolved": "9.0.0",
        "contentHash": "YIMO9T3JL8MeEXgVozKt2v79hquo/EFtnY0vgxmLnUvk1Rei/halI7kOWZL2RBeV9FMGzgM9LZA8CVaNwFMaNA==",
        "dependencies": {
          "Microsoft.Extensions.Configuration.Abstractions": "9.0.0",
          "Microsoft.Extensions.Primitives": "9.0.0"
        }
      },
      "Microsoft.Extensions.DependencyInjection": {
        "type": "Transitive",
        "resolved": "9.0.0",
        "contentHash": "MCPrg7v3QgNMr0vX4vzRXvkNGgLg8vKWX0nKCWUxu2uPyMsaRgiRc1tHBnbTcfJMhMKj2slE/j2M9oGkd25DNw==",
        "dependencies": {
          "Microsoft.Extensions.DependencyInjection.Abstractions": "9.0.0"
        }
      },
      "Microsoft.Extensions.DependencyInjection.AutoActivation": {
        "type": "Transitive",
        "resolved": "9.0.0",
        "contentHash": "Wv4APocpxkPf0zcEFDwGrdwP6tOOSSQ5ByHUxRYcvXu8CXY0N0Pf95usTVs605jG2txxLOpRESH6ficdPDNiTg==",
        "dependencies": {
          "Microsoft.Extensions.Hosting.Abstractions": "9.0.0"
        }
      },
      "Microsoft.Extensions.Diagnostics": {
        "type": "Transitive",
        "resolved": "9.0.0",
        "contentHash": "0CF9ZrNw5RAlRfbZuVIvzzhP8QeWqHiUmMBU/2H7Nmit8/vwP3/SbHeEctth7D4Gz2fBnEbokPc1NU8/j/1ZLw==",
        "dependencies": {
          "Microsoft.Extensions.Configuration": "9.0.0",
          "Microsoft.Extensions.Diagnostics.Abstractions": "9.0.0",
          "Microsoft.Extensions.Options.ConfigurationExtensions": "9.0.0"
        }
      },
      "Microsoft.Extensions.Diagnostics.Abstractions": {
        "type": "Transitive",
        "resolved": "9.0.19",
        "contentHash": "/TelWtjTaPCKYIdV3kIBdlXTikerN+RquZkGUHq3reGWtWFrW/kJ/diRLvcJkL/4hmpBacOBcUmCGQZvQEF52w==",
        "dependencies": {
          "Microsoft.Extensions.DependencyInjection.Abstractions": "9.0.19",
          "Microsoft.Extensions.Options": "9.0.19"
        }
      },
      "Microsoft.Extensions.Diagnostics.ExceptionSummarization": {
        "type": "Transitive",
        "resolved": "9.0.0",
        "contentHash": "eRuTbk4jB0JcNEcYngXNAiLM6tpDyuUfFd13bPy/TJCdHU3IP+C7dZN7qu+Z7mOg3CmxS78YtRULQX8QhL+fMQ==",
        "dependencies": {
          "Microsoft.Extensions.DependencyInjection.Abstractions": "9.0.0"
        }
      },
      "Microsoft.Extensions.Diagnostics.HealthChecks.Abstractions": {
        "type": "Transitive",
        "resolved": "9.0.19",
        "contentHash": "EZiKQpJeWiEdm5PfvoL+oEKQ4eEOhUv8WNH0Pggz+QNpksRu6OYWcAMMgcz98khnYtYFZ0g8WyHuXEQmXJvgTA=="
      },
      "Microsoft.Extensions.FileProviders.Abstractions": {
        "type": "Transitive",
        "resolved": "9.0.19",
        "contentHash": "raArfuC+4kERkNxWrlCXO7H+QAk5yUtmNxiymr+ItP5HKQfMjLhQ68zdajqmd5kgwIIUiMpPGIhUpf7t9+cC0w==",
        "dependencies": {
          "Microsoft.Extensions.Primitives": "9.0.19"
        }
      },
      "Microsoft.Extensions.Http.Diagnostics": {
        "type": "Transitive",
        "resolved": "9.0.0",
        "contentHash": "68vpnYcWc/6WZQItq1P4bwJ5K14jFrj0BvFl7yIKwsGrQK+hvqU/1sqT/DnjmvgXSUAnTLluAtBIVMomadYD/g==",
        "dependencies": {
          "Microsoft.Extensions.DependencyInjection.AutoActivation": "9.0.0",
          "Microsoft.Extensions.Http": "9.0.0",
          "Microsoft.Extensions.Options.ConfigurationExtensions": "9.0.0",
          "Microsoft.Extensions.Telemetry": "9.0.0",
          "Microsoft.IO.RecyclableMemoryStream": "3.0.0"
        }
      },
      "Microsoft.Extensions.Logging": {
        "type": "Transitive",
        "resolved": "9.0.0",
        "contentHash": "crjWyORoug0kK7RSNJBTeSE6VX8IQgLf3nUpTB9m62bPXp/tzbnOsnbe8TXEG0AASNaKZddnpHKw7fET8E++Pg==",
        "dependencies": {
          "Microsoft.Extensions.DependencyInjection": "9.0.0",
          "Microsoft.Extensions.Logging.Abstractions": "9.0.0",
          "Microsoft.Extensions.Options": "9.0.0"
        }
      },
      "Microsoft.Extensions.Logging.Configuration": {
        "type": "Transitive",
        "resolved": "9.0.0",
        "contentHash": "H05HiqaNmg6GjH34ocYE9Wm1twm3Oz2aXZko8GTwGBzM7op2brpAA8pJ5yyD1OpS1mXUtModBYOlcZ/wXeWsSg==",
        "dependencies": {
          "Microsoft.Extensions.Configuration": "9.0.0",
          "Microsoft.Extensions.Configuration.Abstractions": "9.0.0",
          "Microsoft.Extensions.Configuration.Binder": "9.0.0",
          "Microsoft.Extensions.DependencyInjection.Abstractions": "9.0.0",
          "Microsoft.Extensions.Logging": "9.0.0",
          "Microsoft.Extensions.Logging.Abstractions": "9.0.0",
          "Microsoft.Extensions.Options": "9.0.0",
          "Microsoft.Extensions.Options.ConfigurationExtensions": "9.0.0"
        }
      },
      "Microsoft.Extensions.ObjectPool": {
        "type": "Transitive",
        "resolved": "9.0.0",
        "contentHash": "UbsU/gYe4nv1DeqMXIVzDfNNek7Sk2kKuAOXL/Y+sLcAR0HwFUqzg1EPiU88jeHNe0g81aPvvHbvHarQr3r9IA=="
      },
      "Microsoft.Extensions.Options.ConfigurationExtensions": {
        "type": "Transitive",
        "resolved": "9.0.0",
        "contentHash": "Ob3FXsXkcSMQmGZi7qP07EQ39kZpSBlTcAZLbJLdI4FIf0Jug8biv2HTavWmnTirchctPlq9bl/26CXtQRguzA==",
        "dependencies": {
          "Microsoft.Extensions.Configuration.Abstractions": "9.0.0",
          "Microsoft.Extensions.Configuration.Binder": "9.0.0",
          "Microsoft.Extensions.DependencyInjection.Abstractions": "9.0.0",
          "Microsoft.Extensions.Options": "9.0.0",
          "Microsoft.Extensions.Primitives": "9.0.0"
        }
      },
      "Microsoft.Extensions.Primitives": {
        "type": "Transitive",
        "resolved": "9.0.19",
        "contentHash": "9hIg8PQiMnpVFIsEHm25Wi1gBrPa2pS1G75uveyDUVLXrNKqBap9WGwQIgO0s6LUgRAOdsSYnbKbNC5b1G5Pcg=="
      },
      "Microsoft.Extensions.Resilience": {
        "type": "Transitive",
        "resolved": "9.0.0",
        "contentHash": "ZwG0HaAUbtTaQ6gTnSXd+2mmh3oWbjh+/HKQJRxjBpIOmdKXVCJrs7N6nbVzAZ7GS6eilR1XJFZmjDyJ8QGhRA==",
        "dependencies": {
          "Microsoft.Extensions.Diagnostics": "9.0.0",
          "Microsoft.Extensions.Diagnostics.ExceptionSummarization": "9.0.0",
          "Microsoft.Extensions.Options.ConfigurationExtensions": "9.0.0",
          "Microsoft.Extensions.Telemetry.Abstractions": "9.0.0",
          "Polly.Extensions": "8.4.2",
          "Polly.RateLimiting": "8.4.2"
        }
      },
      "Microsoft.Extensions.Telemetry": {
        "type": "Transitive",
        "resolved": "9.0.0",
        "contentHash": "aid79SF7sJmn/rpliUscwV3gnDOjqx1GmG+R/5E9mK8Cy5tNhEcGnak7RW9RSOOCzqpLEP3jOwdcH3YZ2F/kNA==",
        "dependencies": {
          "Microsoft.Extensions.AmbientMetadata.Application": "9.0.0",
          "Microsoft.Extensions.DependencyInjection.AutoActivation": "9.0.0",
          "Microsoft.Extensions.Logging.Configuration": "9.0.0",
          "Microsoft.Extensions.ObjectPool": "9.0.0",
          "Microsoft.Extensions.Telemetry.Abstractions": "9.0.0"
        }
      },
      "Microsoft.Extensions.Telemetry.Abstractions": {
        "type": "Transitive",
        "resolved": "9.0.0",
        "contentHash": "F84i7q3FleH1kjmaSuslZ33yzWtzxZXWjd1ylXcuwM5jNjWN2ifJSO0xQ5c5BYWZA5VeIWWUWupIYr6+3TnDqA==",
        "dependencies": {
          "Microsoft.Extensions.Compliance.Abstractions": "9.0.0",
          "Microsoft.Extensions.Logging.Abstractions": "9.0.0",
          "Microsoft.Extensions.ObjectPool": "9.0.0",
          "Microsoft.Extensions.Options": "9.0.0"
        }
      },
      "Microsoft.IO.RecyclableMemoryStream": {
        "type": "Transitive",
        "resolved": "3.0.0",
        "contentHash": "irv0HuqoH8Ig5i2fO+8dmDNdFdsrO+DoQcedwIlb810qpZHBNQHZLW7C/AHBQDgLLpw2T96vmMAy/aE4Yj55Sg=="
      },
      "Polly.Core": {
        "type": "Transitive",
        "resolved": "8.4.2",
        "contentHash": "BpE2I6HBYYA5tF0Vn4eoQOGYTYIK1BlF5EXVgkWGn3mqUUjbXAr13J6fZVbp7Q3epRR8yshacBMlsHMhpOiV3g=="
      },
      "Polly.Extensions": {
        "type": "Transitive",
        "resolved": "8.4.2",
        "contentHash": "GZ9vRVmR0jV2JtZavt+pGUsQ1O1cuRKG7R7VOZI6ZDy9y6RNPvRvXK1tuS4ffUrv8L0FTea59oEuQzgS0R7zSA==",
        "dependencies": {
          "Microsoft.Extensions.Logging.Abstractions": "8.0.0",
          "Microsoft.Extensions.Options": "8.0.0",
          "Polly.Core": "8.4.2"
        }
      },
      "Polly.RateLimiting": {
        "type": "Transitive",
        "resolved": "8.4.2",
        "contentHash": "ehTImQ/eUyO07VYW2WvwSmU9rRH200SKJ/3jku9rOkyWE0A2JxNFmAVms8dSn49QLSjmjFRRSgfNyOgr/2PSmA==",
        "dependencies": {
          "Polly.Core": "8.4.2",
          "System.Threading.RateLimiting": "8.0.0"
        }
      },
      "System.Threading.RateLimiting": {
        "type": "Transitive",
        "resolved": "8.0.0",
        "contentHash": "7mu9v0QDv66ar3DpGSZHg9NuNcxDaaAcnMULuZlaTpP9+hwXhrxNGsF5GmLkSHxFdb5bBc1TzeujsRgTrPWi+Q=="
      },
      "SassySolutions.Nexus.Sdk": {
        "type": "Project",
        "dependencies": {
          "Compendium.Abstractions.FeatureFlags": "[1.0.5-preview.5, )",
          "Microsoft.Extensions.Caching.Memory": "[9.0.19, )",
          "Microsoft.Extensions.Configuration.Abstractions": "[9.0.19, )",
          "Microsoft.Extensions.Configuration.Binder": "[9.0.19, )",
          "Microsoft.Extensions.DependencyInjection.Abstractions": "[9.0.19, )",
          "Microsoft.Extensions.Diagnostics.HealthChecks": "[9.0.19, )",
          "Microsoft.Extensions.Hosting.Abstractions": "[9.0.19, )",
          "Microsoft.Extensions.Http": "[9.0.0, )",
          "Microsoft.Extensions.Http.Resilience": "[9.0.0, )",
          "Microsoft.Extensions.Logging.Abstractions": "[9.0.19, )",
          "Microsoft.Extensions.Options": "[9.0.19, )",
          "System.Text.Json": "[9.0.0, )"
        }
      },
      "Compendium.Abstractions.FeatureFlags": {
        "type": "CentralTransitive",
        "requested": "[1.0.5-preview.5, )",
        "resolved": "1.0.5-preview.5",
        "contentHash": "MbmDdM2R8UJcvLjmN2Uu+gD3VOaqctQVQFiSGSnc5MvQG2MdD2rEMmbC/FQGRPACu/Ai5TXj+z/V8HZuyd3AAA==",
        "dependencies": {
          "Compendium.Core": "1.0.5-preview.5",
          "Microsoft.Extensions.DependencyInjection.Abstractions": "9.0.19"
        }
      },
      "Microsoft.Extensions.Caching.Memory": {
        "type": "CentralTransitive",
        "requested": "[9.0.19, )",
        "resolved": "9.0.19",
        "contentHash": "Y0w5LkBqWkDh5vYTKM+QKlzxpqegEtP86oDhFMXgx4tDkWL2t+rl4h2vxBHkvBtM/gM6PoLK9QCrnoclXtHtVQ==",
        "dependencies": {
          "Microsoft.Extensions.Caching.Abstractions": "9.0.19",
          "Microsoft.Extensions.DependencyInjection.Abstractions": "9.0.19",
          "Microsoft.Extensions.Logging.Abstractions": "9.0.19",
          "Microsoft.Extensions.Options": "9.0.19",
          "Microsoft.Extensions.Primitives": "9.0.19"
        }
      },
      "Microsoft.Extensions.Configuration.Abstractions": {
        "type": "CentralTransitive",
        "requested": "[9.0.19, )",
        "resolved": "9.0.19",
        "contentHash": "M6h5lX6QWSSn7FDeRUHePZen/xvxPsuhcX1VpBfefafqavn2BnfxheR7BH5D5AIZGM7Nah0xJKnq2DublD4doQ==",
        "dependencies": {
          "Microsoft.Extensions.Primitives": "9.0.19"
        }
      },
      "Microsoft.Extensions.Configuration.Binder": {
        "type": "CentralTransitive",
        "requested": "[9.0.19, )",
        "resolved": "9.0.19",
        "contentHash": "Yt1c3o8W3ZH+fYFJ6RXBCv152pcM/7mlER5fTvd7Skr85fTETNpNKbWDie1Oo3Ozb1+TFZXysAjsCrAJtEEXGQ==",
        "dependencies": {
          "Microsoft.Extensions.Configuration.Abstractions": "9.0.19"
        }
      },
      "Microsoft.Extensions.Diagnostics.HealthChecks": {
        "type": "CentralTransitive",
        "requested": "[9.0.19, )",
        "resolved": "9.0.19",
        "contentHash": "v9J/cL30XQ1xtWqYDpe6H4wcQ8xLlvY8R+4KgdXEPumi1a/D0MId92O5za85Jv/rXsOlftB/uhDz7lKgy+VAag==",
        "dependencies": {
          "Microsoft.Extensions.Diagnostics.HealthChecks.Abstractions": "9.0.19",
          "Microsoft.Extensions.Hosting.Abstractions": "9.0.19",
          "Microsoft.Extensions.Logging.Abstractions": "9.0.19",
          "Microsoft.Extensions.Options": "9.0.19"
        }
      },
      "Microsoft.Extensions.Hosting.Abstractions": {
        "type": "CentralTransitive",
        "requested": "[9.0.19, )",
        "resolved": "9.0.19",
        "contentHash": "ofGSETl/sUohmCmEUfM4gp+8UI5fyLzCvtbVh2kmaAIefkvrw+yGH5l/aRHzZqdWkRQRDEoGGcrWQhapX8fQiQ==",
        "dependencies": {
          "Microsoft.Extensions.Configuration.Abstractions": "9.0.19",
          "Microsoft.Extensions.DependencyInjection.Abstractions": "9.0.19",
          "Microsoft.Extensions.Diagnostics.Abstractions": "9.0.19",
          "Microsoft.Extensions.FileProviders.Abstractions": "9.0.19",
          "Microsoft.Extensions.Logging.Abstractions": "9.0.19"
        }
      },
      "Microsoft.Extensions.Logging.Abstractions": {
        "type": "CentralTransitive",
        "requested": "[9.0.19, )",
        "resolved": "9.0.19",
        "contentHash": "RpqMVoZ+NECJxLOZRjWOfjST0mULs4wb848mxG/CS9SMkVL6yi1sSIda4dGcsB01J2jUFd8hNwsaYl1gplU+Cw==",
        "dependencies": {
          "Microsoft.Extensions.DependencyInjection.Abstractions": "9.0.19"
        }
      }
    }
  }
}